uuid: 5ee14134-a0e2-4dfe-bcce-4cc53d885dfd
langcode: en
status: true
dependencies:
  content:
    - 'block_content:drag_and_drop_block:bce19bd9-9518-4b28-9eaa-c078c4ef5d57'
  module:
    - block_content
    - block_visibility_conditions_node
    - system
  theme:
    - mbgna_dxpr
id: mbgna_dxpr_postsheaderblock
theme: mbgna_dxpr
region: highlighted
weight: 0
provider: null
plugin: 'block_content:bce19bd9-9518-4b28-9eaa-c078c4ef5d57'
settings:
  id: 'block_content:bce19bd9-9518-4b28-9eaa-c078c4ef5d57'
  label: 'Posts header block'
  label_display: '0'
  provider: block_content
  status: true
  info: ''
  view_mode: full
visibility:
  not_node_type:
    id: not_node_type
    bundles: {  }
    negate: null
  request_path:
    id: request_path
    negate: false
    pages: '/articles*'
