uuid: 40f36726-b7e6-49ec-aff0-ceffe86afb46
langcode: en
status: true
dependencies:
  enforced:
    module:
      - dxpr_builder_block
_core:
  default_config_hash: pN5_tFjELgPmCgq-KxPUDIlunjk_ypvPvsP1fWBNMS8
id: drag_and_drop_block
label: 'Drag and Drop Block'
revision: 1
description: 'Advanced page with visual page building tools. Powered by DXPR Builder.'
