uuid: 961fce04-7bc1-4c0f-b321-167905abb1b6
langcode: en
status: true
dependencies:
  content:
    - 'block_content:drag_and_drop_block:2006cf37-b282-4f59-82a7-ed0855db1766'
  module:
    - block_content
  theme:
    - mbgna
id: mbgna_testdraganddropblock
theme: mbgna
region: hidden
weight: -8
provider: null
plugin: 'block_content:2006cf37-b282-4f59-82a7-ed0855db1766'
settings:
  id: 'block_content:2006cf37-b282-4f59-82a7-ed0855db1766'
  label: 'Test drag and drop block'
  label_display: '0'
  provider: block_content
  status: true
  info: ''
  view_mode: full
visibility: {  }
